
Microsoft Visual Studio Solution File, Format Version 12.00
# Visual Studio Version 16
VisualStudioVersion = 16.0.29911.84
MinimumVisualStudioVersion = 10.0.40219.1
Project("{2150E333-8FDC-42A3-9474-1A3956D46DE8}") = "Solution Items", "Solution Items", "{49F747BF-1CA0-44BE-9937-5CEC6B37FDEE}"
	ProjectSection(SolutionItems) = preProject
		..\..\AnagramOrNot\Program.cs = ..\..\AnagramOrNot\Program.cs
		..\..\FindLongestString\Program.cs = ..\..\FindLongestString\Program.cs
		..\..\ChangeLookupTable\Program.cs = ..\..\ChangeLookupTable\Program.cs
		Program.cs = Program.cs
	EndProjectSection
EndProject
Project("{9A19103F-16F7-4668-BE54-9A1E7A4F7556}") = "FinalExamReview", "..\..\FinalExamReview\FinalExamReview.csproj", "{2BB2CC22-0404-4E58-8565-60682A9154FB}"
EndProject
Project("{9A19103F-16F7-4668-BE54-9A1E7A4F7556}") = "AnagramOrNot", "..\..\AnagramOrNot\AnagramOrNot.csproj", "{94B6963B-1D7D-4E82-BDA5-31BC588DF9B9}"
EndProject
Project("{9A19103F-16F7-4668-BE54-9A1E7A4F7556}") = "ChangeLookupTable", "..\..\ChangeLookupTable\ChangeLookupTable.csproj", "{AEBA99D9-92A2-4D57-BBBC-C9C6A6BDEC34}"
EndProject
Project("{9A19103F-16F7-4668-BE54-9A1E7A4F7556}") = "FindLongestString", "..\..\FindLongestString\FindLongestString.csproj", "{7D9C92D5-7C7C-4FDF-A320-12411B1B73AB}"
EndProject
Global
	GlobalSection(SolutionConfigurationPlatforms) = preSolution
		Debug|Any CPU = Debug|Any CPU
		Release|Any CPU = Release|Any CPU
	EndGlobalSection
	GlobalSection(ProjectConfigurationPlatforms) = postSolution
		{2BB2CC22-0404-4E58-8565-60682A9154FB}.Debug|Any CPU.ActiveCfg = Debug|Any CPU
		{2BB2CC22-0404-4E58-8565-60682A9154FB}.Debug|Any CPU.Build.0 = Debug|Any CPU
		{2BB2CC22-0404-4E58-8565-60682A9154FB}.Release|Any CPU.ActiveCfg = Release|Any CPU
		{2BB2CC22-0404-4E58-8565-60682A9154FB}.Release|Any CPU.Build.0 = Release|Any CPU
		{94B6963B-1D7D-4E82-BDA5-31BC588DF9B9}.Debug|Any CPU.ActiveCfg = Debug|Any CPU
		{94B6963B-1D7D-4E82-BDA5-31BC588DF9B9}.Debug|Any CPU.Build.0 = Debug|Any CPU
		{94B6963B-1D7D-4E82-BDA5-31BC588DF9B9}.Release|Any CPU.ActiveCfg = Release|Any CPU
		{94B6963B-1D7D-4E82-BDA5-31BC588DF9B9}.Release|Any CPU.Build.0 = Release|Any CPU
		{AEBA99D9-92A2-4D57-BBBC-C9C6A6BDEC34}.Debug|Any CPU.ActiveCfg = Debug|Any CPU
		{AEBA99D9-92A2-4D57-BBBC-C9C6A6BDEC34}.Debug|Any CPU.Build.0 = Debug|Any CPU
		{AEBA99D9-92A2-4D57-BBBC-C9C6A6BDEC34}.Release|Any CPU.ActiveCfg = Release|Any CPU
		{AEBA99D9-92A2-4D57-BBBC-C9C6A6BDEC34}.Release|Any CPU.Build.0 = Release|Any CPU
		{7D9C92D5-7C7C-4FDF-A320-12411B1B73AB}.Debug|Any CPU.ActiveCfg = Debug|Any CPU
		{7D9C92D5-7C7C-4FDF-A320-12411B1B73AB}.Debug|Any CPU.Build.0 = Debug|Any CPU
		{7D9C92D5-7C7C-4FDF-A320-12411B1B73AB}.Release|Any CPU.ActiveCfg = Release|Any CPU
		{7D9C92D5-7C7C-4FDF-A320-12411B1B73AB}.Release|Any CPU.Build.0 = Release|Any CPU
	EndGlobalSection
	GlobalSection(SolutionProperties) = preSolution
		HideSolutionNode = FALSE
	EndGlobalSection
	GlobalSection(ExtensibilityGlobals) = postSolution
		SolutionGuid = {53AB78F8-F3EA-44FB-9160-3257F84531AE}
	EndGlobalSection
EndGlobal
